
Microsoft Visual Studio Solution File, Format Version 12.00
Project("{FAE04EC0-301F-11D3-BF4B-00C04F79EFBC}") = "domain", "domain\domain.csproj", "{DBC7440E-7B37-413D-8A66-96306F31AEA9}"
EndProject
Global
	GlobalSection(SolutionConfigurationPlatforms) = preSolution
		Debug|Any CPU = Debug|Any CPU
		Release|Any CPU = Release|Any CPU
	EndGlobalSection
	GlobalSection(ProjectConfigurationPlatforms) = postSolution
		{DBC7440E-7B37-413D-8A66-96306F31AEA9}.Debug|Any CPU.ActiveCfg = Debug|Any CPU
		{DBC7440E-7B37-413D-8A66-96306F31AEA9}.Debug|Any CPU.Build.0 = Debug|Any CPU
		{DBC7440E-7B37-413D-8A66-96306F31AEA9}.Release|Any CPU.ActiveCfg = Release|Any CPU
		{DBC7440E-7B37-413D-8A66-96306F31AEA9}.Release|Any CPU.Build.0 = Release|Any CPU
	EndGlobalSection
EndGlobal
